github.com/ClickHouse/clickhouse-go v1.3.12 h1:HvD2NhKPLSeO3Ots6YV0ePgs4l3wO0bLqa9Uk1yeMOs=
github.com/ClickHouse/clickhouse-go v1.3.12/go.mod h1:EaI/sW7Azgz9UATzd5ZdZHRUhHgv5+JMS9NSr2smCJI=
github.com/GeertJohan/go.incremental v1.0.0/go.mod h1:6fAjUhbVuX1KcMD3c8TEgVUqmo4seqhv0i0kdATSkM0=
github.com/GeertJohan/go.rice v1.0.0/go.mod h1:eH6gbSOAUv07dQuZVnBmoDP8mgsM1rtixis4Tib9if0=
github.com/Masterminds/semver v1.4.2 h1:WBLTQ37jOCzSLtXNdoo8bNM8876KhNqOKvrlGITgsTc=
github.com/Masterminds/semver v1.4.2/go.mod h1:MB6lktGJrhw8PrUyiEoblNEGEQ+RzHPF078ddwwvV3Y=
github.com/Masterminds/semver v1.5.0 h1:H65muMkzWKEuNDnfl9d70GUjFniHKHRbFPGBuZ3QEww=
github.com/Masterminds/semver v1.5.0/go.mod h1:MB6lktGJrhw8PrUyiEoblNEGEQ+RzHPF078ddwwvV3Y=
github.com/MichaelS11/go-cql-driver v0.0.0-20190914174813-cf3b3196aa43 h1:G4RmbeBfV1OXJYhmqcU7onWWwIEiLMr5RvsAe/1yIkA=
github.com/MichaelS11/go-cql-driver v0.0.0-20190914174813-cf3b3196aa43/go.mod h1:nW8K1gl1mu8o29Ns1Sv/EvYe9BBrh1T/GqucnYcO9PI=
github.com/SAP/go-hdb v0.14.1 h1:hkw4ozGZ/i4eak7ZuGkY5e0hxiXFdNUBNhr4AvZVNFE=
github.com/SAP/go-hdb v0.14.1/go.mod h1:7fdQLVC2lER3urZLjZCm0AuMQfApof92n3aylBPEkMo=
github.com/SermoDigital/jose v0.9.2-0.20180104203859-803625baeddc h1:MhBvG7RLaLqlyjxMR6of35vt6MVQ+eXMcgn9X/sy0FE=
github.com/SermoDigital/jose v0.9.2-0.20180104203859-803625baeddc/go.mod h1:ARgCUhI1MHQH+ONky/PAtmVHQrP5JlGY0F3poXOp/fA=
github.com/VoltDB/voltdb-client-go v1.0.1 h1:85ZcykHS0goztdAVOCo36NeMFGdU08/x7E+nQI8kH0I=
github.com/VoltDB/voltdb-client-go v1.0.1/go.mod h1:FSuyUyPbMimaMJ9DItBzhVzjFj5S4XHcEISlKEnFZ5Q=
github.com/akavel/rsrc v0.8.0/go.mod h1:uLoCtb9J+EyAqh+26kdrTgmzRBFPGOolLWKpdxkKq+c=
github.com/alecthomas/assert v0.0.0-20170929043011-405dbfeb8e38 h1:smF2tmSOzy2Mm+0dGI2AIUHY+w0BUc+4tn40djz7+6U=
github.com/alecthomas/assert v0.0.0-20170929043011-405dbfeb8e38/go.mod h1:r7bzyVFMNntcxPZXK3/+KdruV1H5KSlyVY0gc+NgInI=
github.com/alecthomas/chroma v0.7.0 h1:z+0HgTUmkpRDRz0SRSdMaqOLfJV4F+N1FPDZUZIDUzw=
github.com/alecthomas/chroma v0.7.0/go.mod h1:1U/PfCsTALWWYHDnsIQkxEBM0+6LLe0v8+RSVMOwxeY=
github.com/alecthomas/colour v0.0.0-20160524082231-60882d9e2721 h1:JHZL0hZKJ1VENNfmXvHbgYlbUOvpzYzvy2aZU5gXVeo=
github.com/alecthomas/colour v0.0.0-20160524082231-60882d9e2721/go.mod h1:QO9JBoKquHd+jz9nshCh40fOfO+JzsoXy8qTHF68zU0=
github.com/alecthomas/kingpin v2.2.6+incompatible h1:5svnBTFgJjZvGKyYBtMB0+m5wvrbUHiqye8wRJMlnYI=
github.com/alecthomas/kingpin v2.2.6+incompatible/go.mod h1:59OFYbFVLKQKq+mqrL6Rw5bR0c3ACQaawgXx0QYndlE=
github.com/alecthomas/kong v0.1.17-0.20190424132513-439c674f7ae0/go.mod h1:+inYUSluD+p4L8KdviBSgzcqEjUQOfC5fQDRFuc36lI=
github.com/alecthomas/kong v0.2.1-0.20190708041108-0548c6b1afae/go.mod h1:+inYUSluD+p4L8KdviBSgzcqEjUQOfC5fQDRFuc36lI=
github.com/alecthomas/kong-hcl v0.1.8-0.20190615233001-b21fea9723c8/go.mod h1:MRgZdU3vrFd05IQ89AxUZ0aYdF39BYoNFa324SodPCA=
github.com/alecthomas/repr v0.0.0-20180818092828-117648cd9897/go.mod h1:xTS7Pm1pD1mvyM075QCDSRqH6qRLXylzS24ZTpRiSzQ=
github.com/alecthomas/repr v0.0.0-20181024024818-d37bc2a10ba1 h1:GDQdwm/gAcJcLAKQQZGOJ4knlw+7rfEQQcmwTbt4p5E=
github.com/alecthomas/repr v0.0.0-20181024024818-d37bc2a10ba1/go.mod h1:xTS7Pm1pD1mvyM075QCDSRqH6qRLXylzS24ZTpRiSzQ=
github.com/alecthomas/template v0.0.0-20190718012654-fb15b899a751 h1:JYp7IbQjafoB+tBA3gMyHYHrpOtNuDiK/uB5uXxq5wM=
github.com/alecthomas/template v0.0.0-20190718012654-fb15b899a751/go.mod h1:LOuyumcjzFXgccqObfd/Ljyb9UuFJ6TxHnclSeseNhc=
github.com/alecthomas/units v0.0.0-20190924025748-f65c72e2690d h1:UQZhZ2O0vMHr2cI+DC1Mbh0TJxzA3RcLoMsFw+aXw7E=
github.com/alecthomas/units v0.0.0-20190924025748-f65c72e2690d/go.mod h1:rBZYJk541a8SKzHPHnH3zbiI+7dagKZ0cgpgrD7Fyho=
github.com/alexbrainman/odbc v0.0.0-20190102080306-cf37ce290779 h1:njXFG+U50CJ0TVhuUqJIhYhhqEFWjyBV/EWht/khJdI=
github.com/alexbrainman/odbc v0.0.0-20190102080306-cf37ce290779/go.mod h1:WEQLoRNIjBhywJqaxe0olilzzBDABc5EVeETiprzR00=
github.com/amsokol/ignite-go-client v0.12.2 h1:q4Mr+UUiKVnR7ykjR1YARVS5jp+ZU6ekCIs0V4WgFDo=
github.com/amsokol/ignite-go-client v0.12.2/go.mod h1:K3tKJGcLQORFD+ds7f0f9fl88tv0KZcpfuNhzRyuLVE=
github.com/apache/calcite-avatica-go/v4 v4.0.0 h1:nUKHcPMIwsGp+BllqKxwHC/71JSfCzOzR+9KK70frWM=
github.com/apache/calcite-avatica-go/v4 v4.0.0/go.mod h1:fg6MgnbY4Ta6JI0KuNaL9o/LrOMZdprQSMHWflcNs1c=
github.com/bitly/go-hostpool v0.0.0-20171023180738-a3a6125de932 h1:mXoPYz/Ul5HYEDvkta6I8/rnYM5gSdSV2tJ6XbZuEtY=
github.com/bitly/go-hostpool v0.0.0-20171023180738-a3a6125de932/go.mod h1:NOuUCSz6Q9T7+igc/hlvDOUdtWKryOrtFyIVABv/p7k=
github.com/bkaradzic/go-lz4 v1.0.0 h1:RXc4wYsyz985CkXXeX04y4VnZFGG8Rd43pRaHsOXAKk=
github.com/bkaradzic/go-lz4 v1.0.0/go.mod h1:0YdlkowM3VswSROI7qDxhRvJ3sLhlFrRRwjwegp5jy4=
github.com/bmizerany/assert v0.0.0-20160611221934-b7ed37b82869 h1:DDGfHa7BWjL4YnC6+E63dPcxHo2sUxDIu8g3QgEJdRY=
github.com/bmizerany/assert v0.0.0-20160611221934-b7ed37b82869/go.mod h1:Ekp36dRnpXw/yCqJaO+ZrUyxD+3VXMFFr56k5XYrpB4=
github.com/chzyer/logex v1.1.10 h1:Swpa1K6QvQznwJRcfTfQJmTE72DqScAa40E+fbHEXEE=
github.com/chzyer/logex v1.1.10/go.mod h1:+Ywpsq7O8HXn0nuIou7OrIPyXbp3wmkHB+jjWRnGsAI=
github.com/chzyer/readline v0.0.0-20180603132655-2972be24d48e/go.mod h1:nSuG5e5PlCu98SY8svDHJxuZscDgtXS6KTTbou5AhLI=
github.com/chzyer/test v0.0.0-20180213035817-a1ea475d72b1 h1:q763qf9huN11kDQavWsoZXJNW3xEE4JJyHa5Q25/sd8=
github.com/chzyer/test v0.0.0-20180213035817-a1ea475d72b1/go.mod h1:Q3SI9o4m/ZMnBNeIyt5eFwwo7qiLfzFZmjNmxjkiQlU=
github.com/cloudflare/golz4 v0.0.0-20150217214814-ef862a3cdc58 h1:F1EaeKL/ta07PY/k9Os/UFtwERei2/XzGemhpGnBKNg=
github.com/cloudflare/golz4 v0.0.0-20150217214814-ef862a3cdc58/go.mod h1:EOBUe0h4xcZ5GoxqC5SDxFQ8gwyZPKQoEzownBlhI80=
github.com/cockroachdb/apd v1.1.0 h1:3LFP3629v+1aKXU5Q37mxmRxX/pIu1nijXydLShEq5I=
github.com/cockroachdb/apd v1.1.0/go.mod h1:8Sl8LxpKi29FqWXR16WEFZRNSz3SoPzUzeMeY4+DwBQ=
github.com/couchbase/go-couchbase v0.0.0-20191217190632-b2754d72cc98 h1:X4obNjTfXM6zTSE5g+OdNvCVC1ETx3/zKt+fKBQ4/TA=
github.com/couchbase/go-couchbase v0.0.0-20191217190632-b2754d72cc98/go.mod h1:TWI8EKQMs5u5jLKW/tsb9VwauIrMIxQG1r5fMsswK5U=
github.com/couchbase/go_n1ql v0.0.0-20160215142504-6cf4e348b127 h1:6Y3osD8rWOIAu/z5lrBns2cZSKSr6s+GEX64Ii0JtuI=
github.com/couchbase/go_n1ql v0.0.0-20160215142504-6cf4e348b127/go.mod h1:Rn19fO9CVfhJkqyIED9ixL5Kh5XuH7hXgDTxyfGY7hM=
github.com/couchbase/gomemcached v0.0.0-20191004160342-7b5da2ec40b2 h1:vZryARwW4PSFXd9arwegEywvMTvPuXL3/oa+4L5NTe8=
github.com/couchbase/gomemcached v0.0.0-20191004160342-7b5da2ec40b2/go.mod h1:srVSlQLB8iXBVXHgnqemxUXqN6FCvClgCMPCsjBDR7c=
github.com/couchbase/goutils v0.0.0-20191018232750-b49639060d85 h1:0WMIDtuXCKEm4wtAJgAAXa/qtM5O9MariLwgHaRlYmk=
github.com/couchbase/goutils v0.0.0-20191018232750-b49639060d85/go.mod h1:BQwMFlJzDjFDG3DJUdU0KORxn88UlsOULuxLExMh3Hs=
github.com/cznic/mathutil v0.0.0-20181122101859-297441e03548 h1:iwZdTE0PVqJCos1vaoKsclOGD3ADKpshg3SRtYBbwso=
github.com/cznic/mathutil v0.0.0-20181122101859-297441e03548/go.mod h1:e6NPNENfs9mPDVNRekM7lKScauxd5kXTr1Mfyig6TDM=
github.com/daaku/go.zipexe v1.0.0/go.mod h1:z8IiR6TsVLEYKwXAoE/I+8ys/sDkgTzSL0CLnGVd57E=
github.com/danwakefield/fnmatch v0.0.0-20160403171240-cbb64ac3d964 h1:y5HC9v93H5EPKqaS1UYVg1uYah5Xf51mBfIoWehClUQ=
github.com/danwakefield/fnmatch v0.0.0-20160403171240-cbb64ac3d964/go.mod h1:Xd9hchkHSWYkEqJwUGisez3G1QY8Ryz0sdWrLPMGjLk=
github.com/davecgh/go-spew v1.1.0/go.mod h1:J7Y8YcW2NihsgmVo/mv3lAwl/skON4iLHjSsI+c5H38=
github.com/davecgh/go-spew v1.1.1 h1:vj9j/u1bqnvCEfJOwUhtlOARqs3+rkHYY13jYWTU97c=
github.com/davecgh/go-spew v1.1.1/go.mod h1:J7Y8YcW2NihsgmVo/mv3lAwl/skON4iLHjSsI+c5H38=
github.com/denisenkom/go-mssqldb v0.0.0-20191128021309-1d7a30a10f73 h1:OGNva6WhsKst5OZf7eZOklDztV3hwtTHovdrLHV+MsA=
github.com/denisenkom/go-mssqldb v0.0.0-20191128021309-1d7a30a10f73/go.mod h1:xbL0rPBG9cCiLr28tMa8zpbdarY27NDyej4t/EjAShU=
github.com/dlclark/regexp2 v1.1.6 h1:CqB4MjHw0MFCDj+PHHjiESmHX+N7t0tJzKvC6M97BRg=
github.com/dlclark/regexp2 v1.1.6/go.mod h1:2pZnwuY/m+8K6iRw6wQdMtk+rH5tNGR1i55kozfMjCc=
github.com/dlclark/regexp2 v1.2.0 h1:8sAhBGEM0dRWogWqWyQeIJnxjWO6oIjl8FKqREDsGfk=
github.com/dlclark/regexp2 v1.2.0/go.mod h1:2pZnwuY/m+8K6iRw6wQdMtk+rH5tNGR1i55kozfMjCc=
github.com/edsrzf/mmap-go v1.0.0 h1:CEBF7HpRnUCSJgGUb5h1Gm7e3VkmVDrR8lvWVLtrOFw=
github.com/edsrzf/mmap-go v1.0.0/go.mod h1:YO35OhQPt3KJa3ryjFM5Bs14WD66h8eGKpfaBNrHW5M=
github.com/frankban/quicktest v1.4.1 h1:Wv2VwvNn73pAdFIVUQRXYDFp31lXKbqblIXo/Q5GPSg=
github.com/frankban/quicktest v1.4.1/go.mod h1:36zfPVQyHxymz4cH7wlDmVwDrJuljRB60qkgn7rorfQ=
github.com/go-kit/kit v0.9.0 h1:wDJmvq38kDhkVxi50ni9ykkdUr1PKgqKOoi01fa0Mdk=
github.com/go-kit/kit v0.9.0/go.mod h1:xBxKIO96dXMWWy0MnWVtmwkA9/13aqxPnvrjFYMA2as=
github.com/go-logfmt/logfmt v0.4.0 h1:MP4Eh7ZCb31lleYCFuwm0oe4/YGak+5l1vA2NOE80nA=
github.com/go-logfmt/logfmt v0.4.0/go.mod h1:3RMwSq7FuexP4Kalkev3ejPJsZTpXXBr9+V4qmtdjCk=
github.com/go-ole/go-ole v1.2.4 h1:nNBDSCOigTSiarFpYE9J/KtEA1IOW4CNeqT9TQDqCxI=
github.com/go-ole/go-ole v1.2.4/go.mod h1:XCwSNxSkXRo4vlyPy93sltvi/qJq0jqQhjqQNIwKuxM=
github.com/go-sql-driver/mysql v1.4.0/go.mod h1:zAC/RDZ24gD3HViQzih4MyKcchzm+sOG5ZlKdlhCg5w=
github.com/go-sql-driver/mysql v1.4.1 h1:g24URVg0OFbNUTx9qqY1IRZ9D9z3iPyi5zKhQZpNwpA=
github.com/go-sql-driver/mysql v1.4.1/go.mod h1:zAC/RDZ24gD3HViQzih4MyKcchzm+sOG5ZlKdlhCg5w=
github.com/go-stack/stack v1.8.0 h1:5SgMzNM5HxrEjV0ww2lTmX6E2Izsfxas4+YHWRs3Lsk=
github.com/go-stack/stack v1.8.0/go.mod h1:v0f6uXyyMGvRgIKkXu+yp6POWl0qKG85gN/melR3HDY=
github.com/gocql/gocql v0.0.0-20191126110522-1982a06ad6b9 h1:90F3aCM6RNWVC05yJUGbgxgNoDdXyy4mQ8S893sSEm8=
github.com/gocql/gocql v0.0.0-20191126110522-1982a06ad6b9/go.mod h1:DL0ekTmBSTdlNF25Orwt/JMzqIq3EJ4MVa/J/uK64OY=
github.com/godror/godror v0.9.1 h1:OsuUFd8fsgncTxmv2jPlY8BBpvZl3K51mTdEAZTEs3o=
github.com/godror/godror v0.9.1/go.mod h1:06LLZykQEXjuUYiVKBa7Ls+AvbUZ8sbtolIALCeL/jw=
github.com/gofrs/uuid v3.2.0+incompatible h1:y12jRkkFxsd7GpqdSZ+/KCs/fJbqpEXSGd4+jfEaewE=
github.com/gofrs/uuid v3.2.0+incompatible/go.mod h1:b2aQJv3Z4Fp6yNu3cdSllBxTCLRxnplIgP/c0N/04lM=
github.com/gohxs/readline v0.0.0-20171011095936-a780388e6e7c h1:yE35fKFwcelIte3q5q1/cPiY7pI7vvf5/j/0ddxNCKs=
github.com/gohxs/readline v0.0.0-20171011095936-a780388e6e7c/go.mod h1:9S/fKAutQ6wVHqm1jnp9D9sc5hu689s9AaTWFS92LaU=
github.com/golang-sql/civil v0.0.0-20190719163853-cb61b32ac6fe h1:lXe2qZdvpiX5WZkZR4hgp4KJVfY3nMkvmwbVkpv1rVY=
github.com/golang-sql/civil v0.0.0-20190719163853-cb61b32ac6fe/go.mod h1:8vg3r2VgvsThLBIFL93Qb5yWzgyZWhEmBwUJWevAkK0=
github.com/golang/glog v0.0.0-20160126235308-23def4e6c14b h1:VKtxabqXZkF25pY9ekfRL6a582T4P37/31XEstQ5p58=
github.com/golang/glog v0.0.0-20160126235308-23def4e6c14b/go.mod h1:SBH7ygxi8pfUlaOkMMuAQtPIUF8ecWP5IEl/CR7VP2Q=
github.com/golang/protobuf v1.3.1 h1:YF8+flBXS5eO826T4nzqPrxfhQThhXl0YzfuUPu4SBg=
github.com/golang/protobuf v1.3.1/go.mod h1:6lQm79b+lXiMfvg/cZm0SGofjICqVBUtrP5yJMmIC1U=
github.com/golang/protobuf v1.3.2 h1:6nsPYzhq5kReh6QImI3k5qWzO4PEbvbIW2cwSfR/6xs=
github.com/golang/protobuf v1.3.2/go.mod h1:6lQm79b+lXiMfvg/cZm0SGofjICqVBUtrP5yJMmIC1U=
github.com/golang/snappy v0.0.0-20170215233205-553a64147049/go.mod h1:/XxbfmMg8lxefKM7IXC3fBNl/7bRcc72aCRzEWrmP2Q=
github.com/golang/snappy v0.0.1 h1:Qgr9rKW7uDUkrbSmQeiDsGa8SjGyCOGtuasMWwvp2P4=
github.com/golang/snappy v0.0.1/go.mod h1:/XxbfmMg8lxefKM7IXC3fBNl/7bRcc72aCRzEWrmP2Q=
github.com/google/go-cmp v0.3.0 h1:crn/baboCvb5fXaQ0IJ1SGTsTVrWpDsCWC8EGETZijY=
github.com/google/go-cmp v0.3.0/go.mod h1:8QqcDgzrUqlUb/G2PQTWiueGozuR1884gddMywk6iLU=
github.com/google/go-cmp v0.3.1 h1:Xye71clBPdm5HgqGwUkwhbynsUJZhDbS20FvLhQ2izg=
github.com/google/go-cmp v0.3.1/go.mod h1:8QqcDgzrUqlUb/G2PQTWiueGozuR1884gddMywk6iLU=
github.com/google/uuid v1.1.0 h1:Jf4mxPC/ziBnoPIdpQdPJ9OeiomAUHLvxmPRSPH9m4s=
github.com/google/uuid v1.1.0/go.mod h1:TIyPZe4MgqvfeYDBFedMoGGpEw/LqOeaOT+nhxU+yHo=
github.com/google/uuid v1.1.1 h1:Gkbcsh/GbpXz7lPftLA3P6TYMwjCLYm83jiFQZF/3gY=
github.com/google/uuid v1.1.1/go.mod h1:TIyPZe4MgqvfeYDBFedMoGGpEw/LqOeaOT+nhxU+yHo=
github.com/gorilla/csrf v1.6.0/go.mod h1:7tSf8kmjNYr7IWDCYhd3U8Ck34iQ/Yw5CJu7bAkHEGI=
github.com/gorilla/handlers v1.4.1/go.mod h1:Qkdc/uu4tH4g6mTK6auzZ766c4CA0Ng8+o/OAirnOIQ=
github.com/gorilla/mux v1.7.3/go.mod h1:1lud6UwP+6orDFRuTfBEV8e9/aOM/c4fVVCaMa2zaAs=
github.com/gorilla/securecookie v1.1.1/go.mod h1:ra0sb63/xPlUeL+yeDciTfxMRAA+MP+HVt/4epWDjd4=
github.com/hailocab/go-hostpool v0.0.0-20160125115350-e80d13ce29ed h1:5upAirOpQc1Q53c0bnx2ufif5kANL7bfZWcc6VJWJd8=
github.com/hailocab/go-hostpool v0.0.0-20160125115350-e80d13ce29ed/go.mod h1:tMWxXQ9wFIaZeTI9F+hmhFiGpFmhOHzyShyFUhRm0H4=
github.com/hashicorp/go-uuid v1.0.1 h1:fv1ep09latC32wFoVwnqcnKJGnMSdBanPczbHAYm1BE=
github.com/hashicorp/go-uuid v1.0.1/go.mod h1:6SBZvOh/SIDV7/2o3Jml5SYk/TvGqwFJ/bN7x4byOro=
github.com/hashicorp/hcl v1.0.0/go.mod h1:E5yfLk+7swimpb2L/Alb/PJmXilQ/rhwaUYs4T20WEQ=
github.com/jackc/fake v0.0.0-20150926172116-812a484cc733 h1:vr3AYkKovP8uR8AvSGGUK1IDqRa5lAAvEkZG1LKaCRc=
github.com/jackc/fake v0.0.0-20150926172116-812a484cc733/go.mod h1:WrMFNQdiFJ80sQsxDoMokWK1W5TQtxBFNpzWTD84ibQ=
github.com/jackc/pgx v3.6.0+incompatible h1:bJeo4JdVbDAW8KB2m8XkFeo8CPipREoG37BwEoKGz+Q=
github.com/jackc/pgx v3.6.0+incompatible/go.mod h1:0ZGrqGqkRlliWnWB4zKnWtjbSWbGkVEFm4TeybAXq+I=
github.com/jcmturner/gofork v0.0.0-20190328161633-dc7c13fece03/go.mod h1:MK8+TM0La+2rjBD4jE12Kj1pCCxK7d2LK/UM3ncEo0o=
github.com/jcmturner/gofork v1.0.0 h1:J7uCkflzTEhUZ64xqKnkDxq3kzc96ajM1Gli5ktUem8=
github.com/jcmturner/gofork v1.0.0/go.mod h1:MK8+TM0La+2rjBD4jE12Kj1pCCxK7d2LK/UM3ncEo0o=
github.com/jessevdk/go-flags v1.4.0/go.mod h1:4FA24M0QyGHXBuZZK/XkWh8h0e1EYbRYJSGM75WSRxI=
github.com/jmoiron/sqlx v1.2.0/go.mod h1:1FEQNm3xlJgrMD+FBdI9+xvCksHtbpVBBw5dYhBSsks=
github.com/kardianos/osext v0.0.0-20190222173326-2bc1f35cddc0 h1:iQTw/8FWTuc7uiaSepXwyf3o52HaUYcV+Tu66S3F5GA=
github.com/kardianos/osext v0.0.0-20190222173326-2bc1f35cddc0/go.mod h1:1NbS8ALrpOvjt0rHPNLyCIeMtbizbir8U//inJ+zuB8=
github.com/kr/logfmt v0.0.0-20140226030751-b84e30acd515 h1:T+h1c/A9Gawja4Y9mFVWj2vyii2bbUNDw3kt9VxK2EY=
github.com/kr/logfmt v0.0.0-20140226030751-b84e30acd515/go.mod h1:+0opPa2QZZtGFBFZlji/RkVcI2GknAs/DXo4wKdlNEc=
github.com/kr/pretty v0.1.0 h1:L/CwN0zerZDmRFUapSPitk6f+Q3+0za1rQkzVuMiMFI=
github.com/kr/pretty v0.1.0/go.mod h1:dAy3ld7l9f0ibDNOQOHHMYYIIbhfbHSm3C4ZsoJORNo=
github.com/kr/pty v1.1.1/go.mod h1:pFQYn66WHrOpPYNljwOMqo10TkYh1fy3cYio2l3bCsQ=
github.com/kr/text v0.1.0 h1:45sCR5RtlFHMR4UwH9sdQ5TC8v0qDQCHnXt+kaKSTVE=
github.com/kr/text v0.1.0/go.mod h1:4Jbv+DJW3UT/LiOwJeYQe1efqtUx/iVham/4vfdArNI=
github.com/lib/pq v1.0.0/go.mod h1:5WUZQaWbwv1U+lTReE5YruASi9Al49XbQIvNi/34Woo=
github.com/lib/pq v1.3.0 h1:/qkRGz8zljWiDcFvgpwUpwIAPu3r07TDvs3Rws+o/pU=
github.com/lib/pq v1.3.0/go.mod h1:5WUZQaWbwv1U+lTReE5YruASi9Al49XbQIvNi/34Woo=
github.com/mattn/go-adodb v0.0.1 h1:g/pk3V8m/WFX2IQRI58wAC24OQUFFXEiNsvs7dQ1WKg=
github.com/mattn/go-adodb v0.0.1/go.mod h1:jaSTRde4bohMuQgYQPxW3xRTPtX/cZKyxPrFVseJULo=
github.com/mattn/go-colorable v0.0.9/go.mod h1:9vuHe8Xs5qXnSaW/c/ABM9alt+Vo+STaOChaDxuIBZU=
github.com/mattn/go-isatty v0.0.4 h1:bnP0vzxcAdeI1zdubAl5PjU6zsERjGZb7raWodagDYs=
github.com/mattn/go-isatty v0.0.4/go.mod h1:M+lRXTBqGeGNdLjl/ufCoiOlB5xdOkqRJdNxMWT7Zi4=
github.com/mattn/go-isatty v0.0.11 h1:FxPOTFNqGkuDUGi3H/qkUbQO4ZiBa2brKq5r0l8TGeM=
github.com/mattn/go-isatty v0.0.11/go.mod h1:PhnuNfih5lzO57/f3n+odYbM4JtupLOxQOAqxQCu2WE=
github.com/mattn/go-runewidth v0.0.4 h1:2BvfKmzob6Bmd4YsL0zygOqfdFnK7GR4QL06Do4/p7Y=
github.com/mattn/go-runewidth v0.0.4/go.mod h1:LwmH8dsx7+W8Uxz3IHJYH5QSwggIsqBzpuz5H//U1FU=
github.com/mattn/go-runewidth v0.0.7 h1:Ei8KR0497xHyKJPAv59M1dkC+rOZCMBJ+t3fZ+twI54=
github.com/mattn/go-runewidth v0.0.7/go.mod h1:H031xJmbD/WCDINGzjvQ9THkh0rPKHF+m2gUSrubnMI=
github.com/mattn/go-sqlite3 v1.9.0/go.mod h1:FPy6KqzDD04eiIsT53CuJW3U88zkxoIYsOqkbpncsNc=
github.com/mattn/go-sqlite3 v2.0.2+incompatible h1:qzw9c2GNT8UFrgWNDhCTqRqYUSmu/Dav/9Z58LGpk7U=
github.com/mattn/go-sqlite3 v2.0.2+incompatible/go.mod h1:FPy6KqzDD04eiIsT53CuJW3U88zkxoIYsOqkbpncsNc=
github.com/mitchellh/mapstructure v1.1.2/go.mod h1:FVVH3fgwuzCH5S8UJGiWEs2h04kUh9fWfEaFds41c1Y=
github.com/nakagami/firebirdsql v0.0.0-20191128141720-8048f7ca3088 h1:M8fjELRXXQEE3oTdGSfhEDYFQhK9uIIm95ZLL1ndud4=
github.com/nakagami/firebirdsql v0.0.0-20191128141720-8048f7ca3088/go.mod h1:yUx1EqfvqHBg0QcpcloWfeqH/yoLoI2j7sllgVhHHSQ=
github.com/nkovacs/streamquote v0.0.0-20170412213628-49af9bddb229/go.mod h1:0aYXnNPJ8l7uZxf45rWW1a/uME32OF0rhiYGNQ2oF2E=
github.com/pierrec/lz4 v2.0.5+incompatible h1:2xWsjqPFWcplujydGg4WmhC/6fZqK42wMM8aXeqhl0I=
github.com/pierrec/lz4 v2.0.5+incompatible/go.mod h1:pdkljMzZIN41W+lC3N2tnIh5sFi+IEE17M5jbnwPHcY=
github.com/pierrec/lz4 v2.2.6+incompatible h1:6aCX4/YZ9v8q69hTyiR7dNLnTA3fgtKHVVW5BCd5Znw=
github.com/pierrec/lz4 v2.2.6+incompatible/go.mod h1:pdkljMzZIN41W+lC3N2tnIh5sFi+IEE17M5jbnwPHcY=
github.com/pkg/browser v0.0.0-20180916011732-0a3d74bf9ce4 h1:49lOXmGaUpV9Fz3gd7TFZY106KVlPVa5jcYD1gaQf98=
github.com/pkg/browser v0.0.0-20180916011732-0a3d74bf9ce4/go.mod h1:4OwLy04Bl9Ef3GJJCoec+30X3LQs/0/m4HFRt/2LUSA=
github.com/pkg/errors v0.8.0/go.mod h1:bwawxfHBFNV+L2hUp1rHADufV3IMtnDRdf1r5NINEl0=
github.com/pkg/errors v0.8.1 h1:iURUrRGxPUNPdy5/HRSm+Yj6okJ6UtLINN0Q9M4+h3I=
github.com/pkg/errors v0.8.1/go.mod h1:bwawxfHBFNV+L2hUp1rHADufV3IMtnDRdf1r5NINEl0=
github.com/pmezard/go-difflib v1.0.0 h1:4DBwDE0NGyQoBHbLQYPwSUPoCMWR5BEzIk/f1lZbAQM=
github.com/pmezard/go-difflib v1.0.0/go.mod h1:iKH77koFhYxTK1pcRnkKkqfTogsbg7gZNVY4sRDYZ/4=
github.com/prestodb/presto-go-client v0.0.0-20191203220353-4980913e2459 h1:TxaHf7zFIMWQje9ICp5kMbJgl2fv95cDvTp+aepqCxs=
github.com/prestodb/presto-go-client v0.0.0-20191203220353-4980913e2459/go.mod h1:psTrT5qzpQmYNpaWiyurHCiVTLMYYpAd5o0YQAJWpQg=
github.com/remyoudompheng/bigfft v0.0.0-20190512091148-babf20351dd7 h1:FUL3b97ZY2EPqg2NbXKuMHs5pXJB9hjj1fDHnF2vl28=
github.com/remyoudompheng/bigfft v0.0.0-20190512091148-babf20351dd7/go.mod h1:qqbHyh8v60DhA7CoWK5oRCqLrMHRGoxYCSS9EjAz6Eo=
github.com/remyoudompheng/bigfft v0.0.0-20190728182440-6a916e37a237 h1:HQagqIiBmr8YXawX/le3+O26N+vPPC1PtjaF3mwnook=
github.com/remyoudompheng/bigfft v0.0.0-20190728182440-6a916e37a237/go.mod h1:qqbHyh8v60DhA7CoWK5oRCqLrMHRGoxYCSS9EjAz6Eo=
github.com/sergi/go-diff v1.0.0 h1:Kpca3qRNrduNnOQeazBd0ysaKrUJiIuISHxogkT9RPQ=
github.com/sergi/go-diff v1.0.0/go.mod h1:0CfEIISq7TuYL3j771MWULgwwjU+GofnZX9QAmXWZgo=
github.com/shopspring/decimal v0.0.0-20180709203117-cd690d0c9e24 h1:pntxY8Ary0t43dCZ5dqY4YTJCObLY1kIXl0uzMv+7DE=
github.com/shopspring/decimal v0.0.0-20180709203117-cd690d0c9e24/go.mod h1:M+9NzErvs504Cn4c5DxATwIqPbtswREoFCre64PpcG4=
github.com/shopspring/decimal v0.0.0-20191130220710-360f2bc03045 h1:8CnFGhoe92Izugjok8nZEGYCNovJwdRFYwrEiLtG6ZQ=
github.com/shopspring/decimal v0.0.0-20191130220710-360f2bc03045/go.mod h1:DKyhrW/HYNuLGql+MJL6WCR6knT2jwCFRcu2hWCYk4o=
github.com/snowflakedb/gosnowflake v1.3.3 h1:m9IlRioTToLnQDqCMx0WMC4qkHkogyCxdN4TLso96F8=
github.com/snowflakedb/gosnowflake v1.3.3/go.mod h1:NsRq2QeiMUuoNUJhp5Q6xGC4uBrsS9g6LwZVEkTWgsE=
github.com/spaolacci/murmur3 v1.1.0 h1:7c1g84S4BPRrfL5Xrdp6fOJ206sU9y293DDHaoy0bLI=
github.com/spaolacci/murmur3 v1.1.0/go.mod h1:JwIasOWyU6f++ZhiEuf87xNszmSA2myDM2Kzu9HwQUA=
github.com/stretchr/objx v0.1.0/go.mod h1:HFkY916IF+rwdDfMAkV7OtwuqBVzrE8GR6GFx+wExME=
github.com/stretchr/testify v1.2.2/go.mod h1:a8OnRcib4nhh0OaRAV+Yts87kKdq0PP7pXfy6kDkUVs=
github.com/stretchr/testify v1.3.0 h1:TivCn/peBQ7UY8ooIcPgZFpTNSz0Q2U6UrFlUfqbe0Q=
github.com/stretchr/testify v1.3.0/go.mod h1:M5WIy9Dh21IEIfnGCwXGc5bZfKNJtfHm1UVUgZn+9EI=
github.com/stretchr/testify v1.4.0 h1:2E4SXV/wtOkTonXsotYi4li6zVWxYlZuYNCXe9XRJyk=
github.com/stretchr/testify v1.4.0/go.mod h1:j7eGeouHqKxXV5pUuKE4zz7dFj8WfuZ+81PSLYec5m4=
github.com/thda/tds v0.1.7 h1:s29kbnJK0agL3ps85A/sb9XS2uxgKF5UJ6AZjbyqXX4=
github.com/thda/tds v0.1.7/go.mod h1:isLIF1oZdXfkqVMJM8RyNrsjlHPlTKnPlnsBs7ngZcM=
github.com/valyala/bytebufferpool v1.0.0/go.mod h1:6bBcMArwyJ5K/AmCkWv1jt77kVWyCJ6HpOuEn7z0Csc=
github.com/valyala/fasttemplate v1.0.1/go.mod h1:UQGH1tvbgY+Nz5t2n7tXsz52dQxojPUpymEIMZ47gx8=
github.com/vertica/vertica-sql-go v0.1.6 h1:NlXQ618ccsFn1E+vWUXkfd6yBKUnU82ZSs4GLeTmUGQ=
github.com/vertica/vertica-sql-go v0.1.6/go.mod h1:2LGtkNSdFF5CTJYeUA5qWfREuvYaql+51fNzmoD5W7c=
github.com/xinsnake/go-http-digest-auth-client v0.4.0 h1:tTaEBUSDiMi7RDIuj0fy/pszIub8g2DmLjTelB3/3Tk=
github.com/xinsnake/go-http-digest-auth-client v0.4.0/go.mod h1:QK1t1v7ylyGb363vGWu+6Irh7gyFj+N7+UZzM0L6g8I=
github.com/xo/dburl v0.0.0-20191219122722-3cca8608d645 h1:Y1v4yxovDt0RnBBqMXkUxfZSeLsckc447toPi907iv8=
github.com/xo/dburl v0.0.0-20191219122722-3cca8608d645/go.mod h1:A47W3pdWONaZmXuLZgfKLAVgUY0qvfTRM5vVDKS40S4=
github.com/xo/tblfmt v0.0.0-20190609041254-28c54ec42ce8 h1:qhiFkSGFxTqLLnBE45iM1+USbeFcaYCJANlX/sWWMx4=
github.com/xo/tblfmt v0.0.0-20190609041254-28c54ec42ce8/go.mod h1:3U5kKQdIhwACye7ml3acccHmjGExY9WmUGU7rnDWgv0=
github.com/xo/tblfmt v0.0.0-20191214134155-4c686ae34009 h1:yLxOQSzTHnHfMyKVY8NnZFaaFftu0NOkgsDXESF/ABQ=
github.com/xo/tblfmt v0.0.0-20191214134155-4c686ae34009/go.mod h1:+aPrd+upGAjb50ADyldbFNzNTjF3NvYl3FTr0gWNA5g=
github.com/xo/terminfo v0.0.0-20190125114736-1a4775eeeb62 h1:GW+Rt02+4bpiSsn4Km9YgWIDyFWFHfoQyy5J15s4Kps=
github.com/xo/terminfo v0.0.0-20190125114736-1a4775eeeb62/go.mod h1:6Yhx5ZJl5942QrNRWLwITArVT9okUXc5c3brgWJMoDc=
github.com/xo/xoutil v0.0.0-20171112033149-46189f4026a5 h1:3ANIpg9VQB91yCAyY+5dobfm30xQNOG3sCjPoPQo5i8=
github.com/xo/xoutil v0.0.0-20171112033149-46189f4026a5/go.mod h1:GngMELAA694UVFs172352HAA2KQEf4XuETgWmL4XSoY=
github.com/zaf/temp v0.0.0-20170209143821-94e385923345 h1:YirhcaVb0RNq54Vh/50S0MPEbr9b4tjZVXvoeeKoYyc=
github.com/zaf/temp v0.0.0-20170209143821-94e385923345/go.mod h1:sXsZgXwh6DB0qlskmZVB4HE93e5YrktMrgUDPy9iYmY=
github.com/ziutek/mymysql v1.5.4 h1:GB0qdRGsTwQSBVYuVShFBKaXSnSnYYC2d9knnE1LHFs=
github.com/ziutek/mymysql v1.5.4/go.mod h1:LMSpPZ6DbqWFxNCHW77HeMg9I646SAhApZ/wKdgO/C0=
gitlab.com/nyarla/go-crypt v0.0.0-20160106005555-d9a5dc2b789b h1:7gd+rd8P3bqcn/96gOZa3F5dpJr/vEiDQYlNb/y2uNs=
gitlab.com/nyarla/go-crypt v0.0.0-20160106005555-d9a5dc2b789b/go.mod h1:T3BPAOm2cqquPa0MKWeNkmOM5RQsRhkrwMWonFMN7fE=
golang.org/x/crypto v0.0.0-20190308221718-c2843e01d9a2 h1:VklqNMn3ovrHsnt90PveolxSbWFaJdECFbxSq0Mqo2M=
golang.org/x/crypto v0.0.0-20190308221718-c2843e01d9a2/go.mod h1:djNgcEr1/C05ACkg1iLfiJU5Ep61QUkGW8qpdssI0+w=
golang.org/x/crypto v0.0.0-20190325154230-a5d413f7728c/go.mod h1:djNgcEr1/C05ACkg1iLfiJU5Ep61QUkGW8qpdssI0+w=
golang.org/x/crypto v0.0.0-20190424203555-c05e17bb3b2d/go.mod h1:yigFU9vqHzYiE8UmvKecakEJjdnWj3jj499lnFckfCI=
golang.org/x/crypto v0.0.0-20190701094942-4def268fd1a4 h1:HuIa8hRrWRSrqYzx1qI49NNxhdi2PrY7gxVSq1JjLDc=
golang.org/x/crypto v0.0.0-20190701094942-4def268fd1a4/go.mod h1:yigFU9vqHzYiE8UmvKecakEJjdnWj3jj499lnFckfCI=
golang.org/x/crypto v0.0.0-20191206172530-e9b2fee46413 h1:ULYEB3JvPRE/IfO+9uO7vKV/xzVTO7XPAwm8xbf4w2g=
golang.org/x/crypto v0.0.0-20191206172530-e9b2fee46413/go.mod h1:LzIPMQfyMNhhGPhUkYOs5KpL4U8rLKemX1yGLhDgUto=
golang.org/x/net v0.0.0-20190404232315-eb5bcb51f2a3/go.mod h1:t9HGtf8HONx5eT2rtn7q6eTqICYqUVnKs3thJo3Qplg=
golang.org/x/net v0.0.0-20190603091049-60506f45cf65/go.mod h1:HSz+uSET+XFnRR8LxR5pz3Of3rY3CfYBVs4xY44aLks=
golang.org/x/net v0.0.0-20190620200207-3b0461eec859/go.mod h1:z5CRVTTTmAJ677TzLLGU+0bjPO0LkuOLi4/5GtJWs/s=
golang.org/x/net v0.0.0-20190724013045-ca1201d0de80/go.mod h1:z5CRVTTTmAJ677TzLLGU+0bjPO0LkuOLi4/5GtJWs/s=
golang.org/x/net v0.0.0-20191209160850-c0dbc17a3553 h1:efeOvDhwQ29Dj3SdAV/MJf8oukgn+8D8WgaCaRMchF8=
golang.org/x/net v0.0.0-20191209160850-c0dbc17a3553/go.mod h1:z5CRVTTTmAJ677TzLLGU+0bjPO0LkuOLi4/5GtJWs/s=
golang.org/x/sync v0.0.0-20190423024810-112230192c58 h1:8gQV6CLnAEikrhgkHFbMAEhagSSnXWGV915qUMm9mrU=
golang.org/x/sync v0.0.0-20190423024810-112230192c58/go.mod h1:RxMgew5VJxzue5/jJTE5uejpjVlOe/izrB70Jof72aM=
golang.org/x/sync v0.0.0-20190911185100-cd5d95a43a6e h1:vcxGaoTs7kV8m5Np9uUNQin4BrLOthgV7252N8V+FwY=
golang.org/x/sync v0.0.0-20190911185100-cd5d95a43a6e/go.mod h1:RxMgew5VJxzue5/jJTE5uejpjVlOe/izrB70Jof72aM=
golang.org/x/sys v0.0.0-20181011152604-fa43e7bc11ba/go.mod h1:STP8DvDyc/dI5b8T5hshtkjS+E42TnysNCUPdjciGhY=
golang.org/x/sys v0.0.0-20181128092732-4ed8d59d0b35/go.mod h1:STP8DvDyc/dI5b8T5hshtkjS+E42TnysNCUPdjciGhY=
golang.org/x/sys v0.0.0-20190215142949-d0b11bdaac8a/go.mod h1:STP8DvDyc/dI5b8T5hshtkjS+E42TnysNCUPdjciGhY=
golang.org/x/sys v0.0.0-20190412213103-97732733099d/go.mod h1:h1NjWce9XRLGQEsW7wpKNCjG9DtNlClVuFLEZdDNbEs=
golang.org/x/sys v0.0.0-20190801041406-cbf593c0f2f3/go.mod h1:h1NjWce9XRLGQEsW7wpKNCjG9DtNlClVuFLEZdDNbEs=
golang.org/x/sys v0.0.0-20191026070338-33540a1f6037/go.mod h1:h1NjWce9XRLGQEsW7wpKNCjG9DtNlClVuFLEZdDNbEs=
golang.org/x/sys v0.0.0-20191218084908-4a24b4065292 h1:Y8q0zsdcgAd+JU8VUA8p8Qv2YhuY9zevDG2ORt5qBUI=
golang.org/x/sys v0.0.0-20191218084908-4a24b4065292/go.mod h1:h1NjWce9XRLGQEsW7wpKNCjG9DtNlClVuFLEZdDNbEs=
golang.org/x/text v0.3.0 h1:g61tztE5qeGQ89tm6NTjjM9VPIm088od1l6aSorWRWg=
golang.org/x/text v0.3.0/go.mod h1:NqM8EUOU14njkJ3fqMW+pc6Ldnwhi/IjpwHt7yyuwOQ=
golang.org/x/text v0.3.2 h1:tW2bmiBqwgJj/UpqtC8EpXEZVYOwU0yG4iWbprSVAcs=
golang.org/x/text v0.3.2/go.mod h1:bEr9sfX3Q8Zfm5fL9x+3itogRgK3+ptLWKqgva+5dAk=
golang.org/x/tools v0.0.0-20180917221912-90fa682c2a6e/go.mod h1:n7NCudcB/nEzxVGmLbDWY5pfWTLqBcC2KZ6jyYvM4mQ=
golang.org/x/tools v0.0.0-20190802003818-e9bb7d36c060/go.mod h1:jcCCGcm9btYwXyDqrUWc6MKQKKGJCWEQ3AfLSRIbEuI=
golang.org/x/xerrors v0.0.0-20191204190536-9bdfabe68543 h1:E7g+9GITq07hpfrRu66IVDexMakfv52eLZ2CXBWiKr4=
golang.org/x/xerrors v0.0.0-20191204190536-9bdfabe68543/go.mod h1:I/5z698sn9Ka8TeJc9MKroUUfqBBauWjQqLJ2OPfmY0=
google.golang.org/appengine v1.6.5 h1:tycE03LOZYQNhDpS27tcQdAzLCVMaj7QT2SXxebnpCM=
google.golang.org/appengine v1.6.5/go.mod h1:8WjMMxjGQR8xUklV/ARdw2HLXBOI7O7uCIDZVag1xfc=
gopkg.in/check.v1 v0.0.0-20161208181325-20d25e280405/go.mod h1:Co6ibVJAznAaIkqp8huTwlJQCZ016jof/cbN4VW5Yz0=
gopkg.in/check.v1 v1.0.0-20180628173108-788fd7840127 h1:qIbj1fsPNlZgppZ+VLlY7N33q108Sa+fhmuc+sWQYwY=
gopkg.in/check.v1 v1.0.0-20180628173108-788fd7840127/go.mod h1:Co6ibVJAznAaIkqp8huTwlJQCZ016jof/cbN4VW5Yz0=
gopkg.in/inf.v0 v0.9.1 h1:73M5CoZyi3ZLMOyDlQh031Cx6N9NDJ2Vvfl76EDAgDc=
gopkg.in/inf.v0 v0.9.1/go.mod h1:cWUDdTG/fYaXco+Dcufb5Vnc6Gp2YChqWtbxRZE0mXw=
gopkg.in/jcmturner/aescts.v1 v1.0.1 h1:cVVZBK2b1zY26haWB4vbBiZrfFQnfbTVrE3xZq6hrEw=
gopkg.in/jcmturner/aescts.v1 v1.0.1/go.mod h1:nsR8qBOg+OucoIW+WMhB3GspUQXq9XorLnQb9XtvcOo=
gopkg.in/jcmturner/dnsutils.v1 v1.0.1 h1:cIuC1OLRGZrld+16ZJvvZxVJeKPsvd5eUIvxfoN5hSM=
gopkg.in/jcmturner/dnsutils.v1 v1.0.1/go.mod h1:m3v+5svpVOhtFAP/wSz+yzh4Mc0Fg7eRhxkJMWSIz9Q=
gopkg.in/jcmturner/goidentity.v3 v3.0.0 h1:1duIyWiTaYvVx3YX2CYtpJbUFd7/UuPYCfgXtQ3VTbI=
gopkg.in/jcmturner/goidentity.v3 v3.0.0/go.mod h1:oG2kH0IvSYNIu80dVAyu/yoefjq1mNfM5bm88whjWx4=
gopkg.in/jcmturner/gokrb5.v6 v6.1.1 h1:n0KFjpbuM5pFMN38/Ay+Br3l91netGSVqHPHEXeWUqk=
gopkg.in/jcmturner/gokrb5.v6 v6.1.1/go.mod h1:NFjHNLrHQiruory+EmqDXCGv6CrjkeYeA+bR9mIfNFk=
gopkg.in/jcmturner/gokrb5.v7 v7.2.3 h1:hHMV/yKPwMnJhPuPx7pH2Uw/3Qyf+thJYlisUc44010=
gopkg.in/jcmturner/gokrb5.v7 v7.2.3/go.mod h1:l8VISx+WGYp+Fp7KRbsiUuXTTOnxIc3Tuvyavf11/WM=
gopkg.in/jcmturner/gokrb5.v7 v7.3.0 h1:0709Jtq/6QXEuWRfAm260XqlpcwL1vxtO1tUE2qK8Z4=
gopkg.in/jcmturner/gokrb5.v7 v7.3.0/go.mod h1:l8VISx+WGYp+Fp7KRbsiUuXTTOnxIc3Tuvyavf11/WM=
gopkg.in/jcmturner/rpc.v1 v1.1.0 h1:QHIUxTX1ISuAv9dD2wJ9HWQVuWDX/Zc0PfeC2tjc4rU=
gopkg.in/jcmturner/rpc.v1 v1.1.0/go.mod h1:YIdkC4XfD6GXbzje11McwsDuOlZQSb9W4vfLvuNnlv8=
gopkg.in/yaml.v2 v2.2.2 h1:ZCJp+EgiOT7lHqUV2J862kp8Qj64Jo6az82+3Td9dZw=
gopkg.in/yaml.v2 v2.2.2/go.mod h1:hI93XBmqTisBFMUTm0b8Fm+jr3Dg1NNxqwp+5A1VGuI=
modernc.org/b v1.0.0 h1:vpvqeyp17ddcQWF29Czawql4lDdABCDRbXRAS4+aF2o=
modernc.org/b v1.0.0/go.mod h1:uZWcZfRj1BpYzfN9JTerzlNUnnPsV9O2ZA8JsRcubNg=
modernc.org/db v1.0.0 h1:2c6NdCfaLnshSvY7OU09cyAY0gYXUZj4lmg5ItHyucg=
modernc.org/db v1.0.0/go.mod h1:kYD/cO29L/29RM0hXYl4i3+Q5VojL31kTUVpVJDw0s8=
modernc.org/file v1.0.0 h1:9/PdvjVxd5+LcWUQIfapAWRGOkDLK90rloa8s/au06A=
modernc.org/file v1.0.0/go.mod h1:uqEokAEn1u6e+J45e54dsEA/pw4o7zLrA2GwyntZzjw=
modernc.org/fileutil v1.0.0 h1:Z1AFLZwl6BO8A5NldQg/xTSjGLetp+1Ubvl4alfGx8w=
modernc.org/fileutil v1.0.0/go.mod h1:JHsWpkrk/CnVV1H/eGlFf85BEpfkrp56ro8nojIq9Q8=
modernc.org/golex v1.0.0 h1:wWpDlbK8ejRfSyi0frMyhilD3JBvtcx2AdGDnU+JtsE=
modernc.org/golex v1.0.0/go.mod h1:b/QX9oBD/LhixY6NDh+IdGv17hgB+51fET1i2kPSmvk=
modernc.org/internal v1.0.0 h1:XMDsFDcBDsibbBnHB2xzljZ+B1yrOVLEFkKL2u15Glw=
modernc.org/internal v1.0.0/go.mod h1:VUD/+JAkhCpvkUitlEOnhpVxCgsBI90oTzSCRcqQVSM=
modernc.org/lldb v1.0.0 h1:6vjDJxQEfhlOLwl4bhpwIz00uyFK4EmSYcbwqwbynsc=
modernc.org/lldb v1.0.0/go.mod h1:jcRvJGWfCGodDZz8BPwiKMJxGJngQ/5DrRapkQnLob8=
modernc.org/mathutil v1.0.0 h1:93vKjrJopTPrtTNpZ8XIovER7iCIH1QU7wNbOQXC60I=
modernc.org/mathutil v1.0.0/go.mod h1:wU0vUrJsVWBZ4P6e7xtFJEhFSNsfRLJ8H458uRjg03k=
modernc.org/ql v1.0.0 h1:bIQ/trWNVjQPlinI6jdOQsi195SIturGo3mp5hsDqVU=
modernc.org/ql v1.0.0/go.mod h1:xGVyrLIatPcO2C1JvI/Co8c0sr6y91HKFNy4pt9JXEY=
modernc.org/sortutil v1.1.0 h1:oP3U4uM+NT/qBQcbg/K2iqAX0Nx7B1b6YZtq3Gk/PjM=
modernc.org/sortutil v1.1.0/go.mod h1:ZyL98OQHJgH9IEfN71VsamvJgrtRX9Dj2gX+vH86L1k=
modernc.org/strutil v1.1.0 h1:+1/yCzZxY2pZwwrsbH+4T7BQMoLQ9QiBshRC9eicYsc=
modernc.org/strutil v1.1.0/go.mod h1:lstksw84oURvj9y3tn8lGvRxyRC1S2+g5uuIzNfIOBs=
modernc.org/zappy v1.0.0 h1:dPVaP+3ueIUv4guk8PuZ2wiUGcJ1WUVvIheeSSTD0yk=
modernc.org/zappy v1.0.0/go.mod h1:hHe+oGahLVII/aTTyWK/b53VDHMAGCBYYeZ9sn83HC4=
