# This file is autogenerated, do not edit; changes may be undone by the next 'dep ensure'.


[[projects]]
  branch = "master"
  name = "github.com/SAP/go-hdb"
  packages = [
    "driver",
    "driver/sqltrace",
    "internal/bufio",
    "internal/protocol",
    "internal/unicode",
    "internal/unicode/cesu8"
  ]
  revision = "18b52f9f36b84988ed1fa70daa79e4a7d9618f33"

[[projects]]
  branch = "master"
  name = "github.com/VoltDB/voltdb-client-go"
  packages = [
    "voltdbclient",
    "wire"
  ]
  revision = "93f757176d6bb2eee4f7386854195c44ce1047aa"

[[projects]]
  name = "github.com/alecthomas/chroma"
  packages = [
    ".",
    "formatters",
    "formatters/html",
    "lexers",
    "lexers/a",
    "lexers/b",
    "lexers/c",
    "lexers/d",
    "lexers/e",
    "lexers/f",
    "lexers/g",
    "lexers/h",
    "lexers/i",
    "lexers/internal",
    "lexers/j",
    "lexers/k",
    "lexers/l",
    "lexers/m",
    "lexers/n",
    "lexers/o",
    "lexers/p",
    "lexers/q",
    "lexers/r",
    "lexers/s",
    "lexers/t",
    "lexers/v",
    "lexers/w",
    "lexers/x",
    "lexers/y",
    "styles"
  ]
  revision = "3020e2ea8c6b1a9c2336022d847c4392c3997f02"
  version = "v0.4.0"

[[projects]]
  branch = "master"
  name = "github.com/alexbrainman/odbc"
  packages = [
    ".",
    "api"
  ]
  revision = "14913e72bfde8c83720086e5e32d4d8122b9932d"

[[projects]]
  branch = "master"
  name = "github.com/alexflint/go-arg"
  packages = ["."]
  revision = "0cc8e30fd64c8c71d094be299ad424da93ef9aed"

[[projects]]
  branch = "master"
  name = "github.com/alexflint/go-scalar"
  packages = ["."]
  revision = "e80c3b7ed292b052c7083b6fd7154a8422c33f65"

[[projects]]
  name = "github.com/apache/calcite-avatica-go"
  packages = [
    ".",
    "errors",
    "generic",
    "hsqldb",
    "internal",
    "message",
    "phoenix"
  ]
  revision = "273c53f62206c90e6a4fbb05f4ac82b7f62cb9a7"
  version = "3.0.0"

[[projects]]
  branch = "master"
  name = "github.com/couchbase/go-couchbase"
  packages = ["."]
  revision = "2ea851386367e79acfdc52d8ea3f0419e3d0bfad"

[[projects]]
  branch = "master"
  name = "github.com/couchbase/go_n1ql"
  packages = ["."]
  revision = "6cf4e348b127e21f56e53eb8c3faaea56afdc588"

[[projects]]
  branch = "master"
  name = "github.com/couchbase/gomemcached"
  packages = [
    ".",
    "client"
  ]
  revision = "4012a9505b539c2d0f5e072f91ddb6a75df1e50d"

[[projects]]
  branch = "master"
  name = "github.com/couchbase/goutils"
  packages = [
    "logging",
    "scramsha"
  ]
  revision = "a8bc32b8203a49358563f1d2aa4db5dbfaff06b0"

[[projects]]
  branch = "master"
  name = "github.com/cznic/b"
  packages = ["."]
  revision = "35e9bbe41f07452a183c517a5fc5f3c9f45eaa0f"

[[projects]]
  branch = "master"
  name = "github.com/cznic/fileutil"
  packages = ["."]
  revision = "6a051e75936f623600b67c2b1116b6b6c0ffb936"

[[projects]]
  name = "github.com/cznic/internal"
  packages = [
    "buffer",
    "file",
    "slice"
  ]
  revision = "cef02a853c3a93623c42eacd574e7ea05f55531b"
  version = "1.0.0"

[[projects]]
  name = "github.com/cznic/lldb"
  packages = ["."]
  revision = "bea8611dd5c407f3c5eab9f9c68e887a27dc6f0e"
  version = "v1.1.0"

[[projects]]
  branch = "master"
  name = "github.com/cznic/mathutil"
  packages = ["."]
  revision = "7764e6a2216aaa02c36f75aad62538d39c2962c2"

[[projects]]
  name = "github.com/cznic/ql"
  packages = [
    ".",
    "driver",
    "vendored/github.com/camlistore/go4/lock"
  ]
  revision = "7a63cd7aa46ecd9f549b96983029576af2178f60"
  version = "v1.1.0"

[[projects]]
  branch = "master"
  name = "github.com/cznic/sortutil"
  packages = ["."]
  revision = "4c7342852e65c2088c981288f2c5610d10b9f7f4"

[[projects]]
  branch = "master"
  name = "github.com/cznic/strutil"
  packages = ["."]
  revision = "529a34b1c186b483642a7a230c67521d9aa4b0fb"

[[projects]]
  branch = "master"
  name = "github.com/cznic/zappy"
  packages = ["."]
  revision = "2533cb5b45cc6c07421468ce262899ddc9d53fb7"

[[projects]]
  branch = "master"
  name = "github.com/danwakefield/fnmatch"
  packages = ["."]
  revision = "cbb64ac3d964b81592e64f957ad53df015803288"

[[projects]]
  branch = "master"
  name = "github.com/denisenkom/go-mssqldb"
  packages = [
    ".",
    "internal/cp"
  ]
  revision = "2e93935aa9096273693401939a61fb8a9b2c9d14"

[[projects]]
  name = "github.com/dlclark/regexp2"
  packages = [
    ".",
    "syntax"
  ]
  revision = "487489b64fb796de2e55f4e8a4ad1e145f80e957"
  version = "v1.1.6"

[[projects]]
  branch = "master"
  name = "github.com/edsrzf/mmap-go"
  packages = ["."]
  revision = "0bce6a6887123b67a60366d2c9fe2dfb74289d2e"

[[projects]]
  name = "github.com/go-ole/go-ole"
  packages = [
    ".",
    "oleutil"
  ]
  revision = "a41e3c4b706f6ae8dfbff342b06e40fa4d2d0506"
  version = "v1.2.1"

[[projects]]
  name = "github.com/go-sql-driver/mysql"
  packages = ["."]
  revision = "a0583e0143b1624142adab07e0e97fe106d99561"
  version = "v1.3"

[[projects]]
  branch = "master"
  name = "github.com/gohxs/readline"
  packages = ["."]
  revision = "a780388e6e7cb475327da556ecfda0edbb374d80"

[[projects]]
  name = "github.com/golang/protobuf"
  packages = ["proto"]
  revision = "925541529c1fa6821df4e44ce2723319eb2be768"
  version = "v1.0.0"

[[projects]]
  branch = "master"
  name = "github.com/hashicorp/go-uuid"
  packages = ["."]
  revision = "27454136f0364f2d44b1276c552d69105cf8c498"

[[projects]]
  name = "github.com/jackc/pgx"
  packages = [
    ".",
    "chunkreader",
    "internal/sanitize",
    "pgio",
    "pgproto3",
    "pgtype",
    "stdlib"
  ]
  revision = "da3231b0b66e2e74cdb779f1d46c5e958ba8be27"
  version = "v3.1.0"

[[projects]]
  branch = "master"
  name = "github.com/jcmturner/gofork"
  packages = [
    "encoding/asn1",
    "x/crypto/pbkdf2"
  ]
  revision = "2aebee971930cd0dd525873330952ab7df5ac95c"

[[projects]]
  branch = "master"
  name = "github.com/kardianos/osext"
  packages = ["."]
  revision = "ae77be60afb1dcacde03767a8c37337fad28ac14"

[[projects]]
  branch = "master"
  name = "github.com/knq/snaker"
  packages = ["."]
  revision = "d9ad1e7f342a5b58202aa92c5f1106d7bb8b9c73"

[[projects]]
  name = "github.com/kshvakov/clickhouse"
  packages = [
    ".",
    "lib/binary",
    "lib/column",
    "lib/data",
    "lib/protocol",
    "lib/types",
    "lib/writebuffer"
  ]
  revision = "204d1310adca1f03cf10843c403249e1e4bb394b"
  version = "v1.3.2"

[[projects]]
  branch = "master"
  name = "github.com/lib/pq"
  packages = [
    ".",
    "oid"
  ]
  revision = "d34b9ff171c21ad295489235aec8b6626023cd04"

[[projects]]
  branch = "master"
  name = "github.com/mattn/go-adodb"
  packages = ["."]
  revision = "8a75490faf6ae99c92e96d210caeebdba7c93522"

[[projects]]
  name = "github.com/mattn/go-isatty"
  packages = ["."]
  revision = "0360b2af4f38e8d38c7fce2a9f4e702702d73a39"
  version = "v0.0.3"

[[projects]]
  name = "github.com/mattn/go-runewidth"
  packages = ["."]
  revision = "9e777a8366cce605130a531d2cd6363d07ad7317"
  version = "v0.0.2"

[[projects]]
  name = "github.com/mattn/go-sqlite3"
  packages = ["."]
  revision = "6c771bb9887719704b210e87e934f08be014bdb1"
  version = "v1.6.0"

[[projects]]
  branch = "master"
  name = "github.com/nakagami/firebirdsql"
  packages = ["."]
  revision = "cece140468a14c004d4df435dac988e8c84eec38"

[[projects]]
  branch = "master"
  name = "github.com/nyarla/go-crypt"
  packages = ["."]
  revision = "d9a5dc2b789bc330075d4b805d9b7c971f2865a1"

[[projects]]
  branch = "master"
  name = "github.com/olekukonko/tablewriter"
  packages = ["."]
  revision = "b8a9be070da40449e501c3c4730a889e42d87a9e"

[[projects]]
  name = "github.com/pkg/errors"
  packages = ["."]
  revision = "645ef00459ed84a119197bfb8d8205042c6df63d"
  version = "v0.8.0"

[[projects]]
  branch = "master"
  name = "github.com/prestodb/presto-go-client"
  packages = ["presto"]
  revision = "568bdb2f6dbce76a5b9685d24163b3c42ae0f450"

[[projects]]
  branch = "master"
  name = "github.com/satori/go.uuid"
  packages = ["."]
  revision = "36e9d2ebbde5e3f13ab2e25625fd453271d6522e"

[[projects]]
  name = "github.com/spaolacci/murmur3"
  packages = ["."]
  revision = "9f5d223c60793748f04a9d5b4b4eacddfc1f755d"
  version = "v1.1"

[[projects]]
  name = "github.com/xinsnake/go-http-digest-auth-client"
  packages = ["."]
  revision = "366760120fe0342664d581b235be4eb08aca8834"
  version = "v0.3.0"

[[projects]]
  branch = "master"
  name = "github.com/xo/dburl"
  packages = ["."]
  revision = "82666a9bb38b3690e5698db74cc3efe1ff761a9b"

[[projects]]
  branch = "master"
  name = "github.com/xo/terminfo"
  packages = ["."]
  revision = "20ea4ff360f07b1a51d4caa53c0bdd3232974ec2"

[[projects]]
  branch = "master"
  name = "github.com/xo/xoutil"
  packages = ["."]
  revision = "46189f4026a5a53537a3d5b99092accf968d572b"

[[projects]]
  branch = "master"
  name = "github.com/zaf/temp"
  packages = ["."]
  revision = "94e385923345495c4add5c23df1efc6d66964479"

[[projects]]
  name = "github.com/ziutek/mymysql"
  packages = [
    "godrv",
    "mysql",
    "native"
  ]
  revision = "e08c2f35356576b3c3690c252fe5dca728ae9292"
  version = "v1.5.4"

[[projects]]
  branch = "master"
  name = "golang.org/x/crypto"
  packages = [
    "md4",
    "pbkdf2"
  ]
  revision = "b2aa35443fbc700ab74c586ae79b81c171851023"

[[projects]]
  branch = "master"
  name = "golang.org/x/net"
  packages = [
    "context",
    "context/ctxhttp"
  ]
  revision = "61147c48b25b599e5b561d2e9c4f3e1ef489ca41"

[[projects]]
  branch = "master"
  name = "golang.org/x/sync"
  packages = ["errgroup"]
  revision = "1d60e4601c6fd243af51cc01ddf169918a5407ca"

[[projects]]
  branch = "master"
  name = "golang.org/x/sys"
  packages = [
    "unix",
    "windows"
  ]
  revision = "3b87a42e500a6dc65dae1a55d0b641295971163e"

[[projects]]
  name = "golang.org/x/text"
  packages = ["transform"]
  revision = "f21a4dfb5e38f5895301dc265a8def02365cc3d0"
  version = "v0.3.0"

[[projects]]
  name = "gopkg.in/jcmturner/aescts.v1"
  packages = ["."]
  revision = "f6abebb3171c4c1b1fea279cb7c7325020a26290"
  version = "v1.0.1"

[[projects]]
  name = "gopkg.in/jcmturner/dnsutils.v1"
  packages = ["."]
  revision = "13eeb8d49ffb74d7a75784c35e4d900607a3943c"
  version = "v1.0.1"

[[projects]]
  name = "gopkg.in/jcmturner/gokrb5.v4"
  packages = [
    "asn1tools",
    "client",
    "config",
    "credentials",
    "crypto",
    "crypto/common",
    "crypto/etype",
    "crypto/rfc3961",
    "crypto/rfc3962",
    "crypto/rfc4757",
    "crypto/rfc8009",
    "gssapi",
    "iana",
    "iana/addrtype",
    "iana/adtype",
    "iana/asnAppTag",
    "iana/chksumtype",
    "iana/errorcode",
    "iana/etypeID",
    "iana/flags",
    "iana/keyusage",
    "iana/msgtype",
    "iana/nametype",
    "iana/patype",
    "keytab",
    "krberror",
    "messages",
    "mstypes",
    "ndr",
    "pac",
    "types"
  ]
  revision = "4f6bed961aa8e808136b8fd9de87cf47d3a77050"
  version = "v4.1.1"

[[projects]]
  name = "gopkg.in/rana/ora.v4"
  packages = [
    ".",
    "date",
    "num"
  ]
  revision = "7a9ff49e7315c80623bc2b49c64fba1900e07209"
  version = "v4.1.15"

[solve-meta]
  analyzer-name = "dep"
  analyzer-version = 1
  inputs-digest = "f4809e1a80787b0d886c240918b3b8eaefac109ff72bc4e8b8a0b6cc423e85b5"
  solver-name = "gps-cdcl"
  solver-version = 1
