# This file is autogenerated, do not edit; changes may be undone by the next 'dep ensure'.


[[projects]]
  branch = "master"
  name = "github.com/Boostport/avatica"
  packages = [".","message"]
  revision = "27c7d1afb5e37ca3f7a3cc9586115ce8846c2048"

[[projects]]
  branch = "master"
  name = "github.com/SAP/go-hdb"
  packages = ["driver","driver/sqltrace","internal/bufio","internal/protocol","internal/unicode","internal/unicode/cesu8"]
  revision = "5155b87edff9ebf661f8102079fa3463ac83b7af"

[[projects]]
  branch = "master"
  name = "github.com/VoltDB/voltdb-client-go"
  packages = ["voltdbclient","wire"]
  revision = "72c161eb7f87d2698c60985fc6be6a0f0b845ed1"

[[projects]]
  branch = "master"
  name = "github.com/alecthomas/chroma"
  packages = [".","formatters","formatters/html","lexers","styles"]
  revision = "20d03ba7a203de48e2caa55da6a0cee7d0265786"

[[projects]]
  branch = "master"
  name = "github.com/alexbrainman/odbc"
  packages = [".","api"]
  revision = "27e92eaad59a02cbedcf74ab280f5985a78347c8"

[[projects]]
  branch = "master"
  name = "github.com/alexflint/go-arg"
  packages = ["."]
  revision = "59fccacb2679dde66e0b20ed65bd26178fcbf54e"

[[projects]]
  branch = "master"
  name = "github.com/alexflint/go-scalar"
  packages = ["."]
  revision = "e80c3b7ed292b052c7083b6fd7154a8422c33f65"

[[projects]]
  branch = "master"
  name = "github.com/couchbase/go-couchbase"
  packages = ["."]
  revision = "b2479ad629a58de79501b021497525f0ea27e226"

[[projects]]
  branch = "master"
  name = "github.com/couchbase/go_n1ql"
  packages = ["."]
  revision = "6cf4e348b127e21f56e53eb8c3faaea56afdc588"

[[projects]]
  branch = "master"
  name = "github.com/couchbase/gomemcached"
  packages = [".","client"]
  revision = "83a42f6030536e80fe9b872be2b487987b898f9d"

[[projects]]
  branch = "master"
  name = "github.com/couchbase/goutils"
  packages = ["logging"]
  revision = "7a02f3df0ea980574216f469c192985a2083b957"

[[projects]]
  branch = "master"
  name = "github.com/cznic/b"
  packages = ["."]
  revision = "6955404bf550e1eae1bf83121739078b027f4547"

[[projects]]
  branch = "master"
  name = "github.com/cznic/fileutil"
  packages = ["."]
  revision = "90cf820aafe8f7df39416fdbb932029ff99bd1ab"

[[projects]]
  branch = "master"
  name = "github.com/cznic/golex"
  packages = ["lex"]
  revision = "4ab7c5e190e49208c823ce8ec803aa39e6a4b31a"

[[projects]]
  branch = "master"
  name = "github.com/cznic/internal"
  packages = ["buffer","file","slice"]
  revision = "cef02a853c3a93623c42eacd574e7ea05f55531b"

[[projects]]
  branch = "master"
  name = "github.com/cznic/lldb"
  packages = ["."]
  revision = "bea8611dd5c407f3c5eab9f9c68e887a27dc6f0e"

[[projects]]
  branch = "master"
  name = "github.com/cznic/mathutil"
  packages = ["."]
  revision = "09cde8d5df5fd3e1944897ce6d00d83dd5ed3a91"

[[projects]]
  branch = "master"
  name = "github.com/cznic/ql"
  packages = [".","driver","vendored/github.com/camlistore/go4/lock"]
  revision = "8c32ff10fdc2810e93a6e127119d95545497909e"

[[projects]]
  branch = "master"
  name = "github.com/cznic/sortutil"
  packages = ["."]
  revision = "4c7342852e65c2088c981288f2c5610d10b9f7f4"

[[projects]]
  branch = "master"
  name = "github.com/cznic/strutil"
  packages = ["."]
  revision = "529a34b1c186b483642a7a230c67521d9aa4b0fb"

[[projects]]
  branch = "master"
  name = "github.com/cznic/zappy"
  packages = ["."]
  revision = "2533cb5b45cc6c07421468ce262899ddc9d53fb7"

[[projects]]
  branch = "master"
  name = "github.com/danwakefield/fnmatch"
  packages = ["."]
  revision = "cbb64ac3d964b81592e64f957ad53df015803288"

[[projects]]
  branch = "master"
  name = "github.com/denisenkom/go-mssqldb"
  packages = ["."]
  revision = "88555645b640cc621e32f8693d7586a1aa1575f4"

[[projects]]
  branch = "master"
  name = "github.com/dlclark/regexp2"
  packages = [".","syntax"]
  revision = "487489b64fb796de2e55f4e8a4ad1e145f80e957"

[[projects]]
  branch = "master"
  name = "github.com/edsrzf/mmap-go"
  packages = ["."]
  revision = "0bce6a6887123b67a60366d2c9fe2dfb74289d2e"

[[projects]]
  branch = "master"
  name = "github.com/go-ole/go-ole"
  packages = [".","oleutil"]
  revision = "0e87ea779d9deb219633b828a023b32e1244dd57"

[[projects]]
  branch = "master"
  name = "github.com/go-sql-driver/mysql"
  packages = ["."]
  revision = "fade21009797158e7b79e04c340118a9220c6f9e"

[[projects]]
  branch = "master"
  name = "github.com/gohxs/readline"
  packages = ["."]
  revision = "a780388e6e7cb475327da556ecfda0edbb374d80"

[[projects]]
  branch = "master"
  name = "github.com/golang/protobuf"
  packages = ["proto"]
  revision = "1643683e1b54a9e88ad26d98f81400c8c9d9f4f9"

[[projects]]
  branch = "master"
  name = "github.com/hashicorp/go-cleanhttp"
  packages = ["."]
  revision = "3573b8b52aa7b37b9358d966a898feb387f62437"

[[projects]]
  branch = "master"
  name = "github.com/hashicorp/go-uuid"
  packages = ["."]
  revision = "64130c7a86d732268a38cb04cfbaf0cc987fda98"

[[projects]]
  branch = "master"
  name = "github.com/jackc/pgx"
  packages = [".","chunkreader","internal/sanitize","pgio","pgproto3","pgtype","stdlib"]
  revision = "2b4558fe2278c7247fa99877deed173b24a366b5"

[[projects]]
  branch = "master"
  name = "github.com/jcmturner/asn1"
  packages = ["."]
  revision = "478ccf09c45d824f741022c79e542624952a83c5"

[[projects]]
  branch = "master"
  name = "github.com/knq/snaker"
  packages = ["."]
  revision = "b61ca5d535baf5b793bebc9f1a8e6485e12efdc7"

[[projects]]
  branch = "master"
  name = "github.com/kshvakov/clickhouse"
  packages = [".","lib/binary","lib/column","lib/data","lib/protocol","lib/types","lib/writebuffer"]
  revision = "debfed70cb7736e1b29bcc75ea0eb0996b4846c6"

[[projects]]
  branch = "master"
  name = "github.com/lib/pq"
  packages = [".","oid"]
  revision = "b609790bd85edf8e9ab7e0f8912750a786177bcf"

[[projects]]
  branch = "master"
  name = "github.com/mattn/go-adodb"
  packages = ["."]
  revision = "8a75490faf6ae99c92e96d210caeebdba7c93522"

[[projects]]
  branch = "master"
  name = "github.com/mattn/go-isatty"
  packages = ["."]
  revision = "a5cdd64afdee435007ee3e9f6ed4684af949d568"

[[projects]]
  branch = "master"
  name = "github.com/mattn/go-runewidth"
  packages = ["."]
  revision = "9e777a8366cce605130a531d2cd6363d07ad7317"

[[projects]]
  branch = "master"
  name = "github.com/mattn/go-sqlite3"
  packages = ["."]
  revision = "615c193e01d8d462eef7ee390171506f531a1c9a"

[[projects]]
  branch = "master"
  name = "github.com/nakagami/firebirdsql"
  packages = ["."]
  revision = "8e47fbdec3e05de2cd21de138dba93e46a6336ee"

[[projects]]
  branch = "master"
  name = "github.com/nyarla/go-crypt"
  packages = ["."]
  revision = "d9a5dc2b789bc330075d4b805d9b7c971f2865a1"

[[projects]]
  branch = "master"
  name = "github.com/olekukonko/tablewriter"
  packages = ["."]
  revision = "a7a4c189eb47ed33ce7b35f2880070a0c82a67d4"

[[projects]]
  branch = "master"
  name = "github.com/pkg/errors"
  packages = ["."]
  revision = "645ef00459ed84a119197bfb8d8205042c6df63d"

[[projects]]
  name = "github.com/satori/go.uuid"
  packages = ["."]
  revision = "879c5887cd475cd7864858769793b2ceb0d44feb"
  version = "v1.1.0"

[[projects]]
  name = "github.com/spaolacci/murmur3"
  packages = ["."]
  revision = "0d12bf811670bf6a1a63828dfbd003eded177fce"
  version = "v1.0"

[[projects]]
  branch = "master"
  name = "github.com/xinsnake/go-http-digest-auth-client"
  packages = ["."]
  revision = "366760120fe0342664d581b235be4eb08aca8834"

[[projects]]
  branch = "master"
  name = "github.com/xo/dburl"
  packages = ["."]
  revision = "4913e678bd23e3d1771dc50050d609ad6c5a6cbc"

[[projects]]
  branch = "master"
  name = "github.com/xo/terminfo"
  packages = ["."]
  revision = "64402cba454eb024d6458571cc4fb372ff7173a6"

[[projects]]
  branch = "master"
  name = "github.com/xo/xoutil"
  packages = ["."]
  revision = "bc2c7e62d74b73ee2cb327b425ae5a21f5c9e131"

[[projects]]
  branch = "master"
  name = "github.com/zaf/temp"
  packages = ["."]
  revision = "94e385923345495c4add5c23df1efc6d66964479"

[[projects]]
  branch = "master"
  name = "github.com/ziutek/mymysql"
  packages = ["godrv","mysql","native"]
  revision = "1d19cbf98d83564cc561192ae7d7183d795f7ac7"

[[projects]]
  branch = "master"
  name = "golang.org/x/crypto"
  packages = ["md4","pbkdf2"]
  revision = "2509b142fb2b797aa7587dad548f113b2c0f20ce"

[[projects]]
  branch = "master"
  name = "golang.org/x/net"
  packages = ["context","context/ctxhttp"]
  revision = "c73622c77280266305273cb545f54516ced95b93"

[[projects]]
  branch = "master"
  name = "golang.org/x/sync"
  packages = ["errgroup"]
  revision = "8e0aa688b654ef28caa72506fa5ec8dba9fc7690"

[[projects]]
  branch = "master"
  name = "golang.org/x/sys"
  packages = ["unix","windows"]
  revision = "661970f62f5897bc0cd5fdca7e087ba8a98a8fa1"

[[projects]]
  branch = "master"
  name = "golang.org/x/text"
  packages = ["transform"]
  revision = "6eab0e8f74e86c598ec3b6fad4888e0c11482d48"

[[projects]]
  branch = "master"
  name = "gopkg.in/jcmturner/aescts.v1"
  packages = ["."]
  revision = "f6abebb3171c4c1b1fea279cb7c7325020a26290"

[[projects]]
  name = "gopkg.in/jcmturner/gokrb5.v1"
  packages = ["asn1tools","client","config","credentials","crypto","crypto/common","crypto/etype","crypto/rfc3961","crypto/rfc3962","crypto/rfc4757","crypto/rfc8009","gssapi","iana","iana/adtype","iana/asnAppTag","iana/chksumtype","iana/errorcode","iana/etypeID","iana/flags","iana/keyusage","iana/msgtype","iana/nametype","iana/patype","keytab","krberror","messages","mstypes","ndr","pac","types"]
  revision = "f45a28bf5d4077193c76240390751bf7b199e131"
  version = "v1.2.1"

[[projects]]
  branch = "master"
  name = "gopkg.in/rana/ora.v4"
  packages = [".","date","num"]
  revision = "dd5dc46f8d55d512dece5c887042b0ae6c9b7d05"
  source = "https://github.com/rana/ora.git"

[solve-meta]
  analyzer-name = "dep"
  analyzer-version = 1
  inputs-digest = "cca35b843ed27a102e674c0f1ef0585d653e6902e7c9d8fb6ec4c0bb6948a2f4"
  solver-name = "gps-cdcl"
  solver-version = 1
