# This file is autogenerated, do not edit; changes may be undone by the next 'dep ensure'.


[[projects]]
  branch = "master"
  name = "github.com/Boostport/avatica"
  packages = [".","message"]
  revision = "162a3b3b89677af55d94428775c999b7b4f3c023"

[[projects]]
  branch = "master"
  name = "github.com/SAP/go-hdb"
  packages = ["driver","driver/sqltrace","internal/bufio","internal/protocol","internal/unicode","internal/unicode/cesu8"]
  revision = "c80549df883e955dff808b1258c26f32b3ed10a4"

[[projects]]
  branch = "master"
  name = "github.com/VoltDB/voltdb-client-go"
  packages = ["voltdbclient","wire"]
  revision = "d8e2f3f75068977189b2360c22b5602e22bf6c2e"

[[projects]]
  branch = "master"
  name = "github.com/alecthomas/chroma"
  packages = [".","formatters","formatters/html","lexers","styles"]
  revision = "c9f612c1940a4951cd2b55811744632a7b3b3bb2"

[[projects]]
  branch = "master"
  name = "github.com/alexbrainman/odbc"
  packages = [".","api"]
  revision = "27e92eaad59a02cbedcf74ab280f5985a78347c8"

[[projects]]
  branch = "master"
  name = "github.com/alexflint/go-arg"
  packages = ["."]
  revision = "59fccacb2679dde66e0b20ed65bd26178fcbf54e"

[[projects]]
  branch = "master"
  name = "github.com/alexflint/go-scalar"
  packages = ["."]
  revision = "e80c3b7ed292b052c7083b6fd7154a8422c33f65"

[[projects]]
  branch = "master"
  name = "github.com/couchbase/go-couchbase"
  packages = ["."]
  revision = "b68b134c84262afb37fbe4fea7bde4c3f29c9f25"

[[projects]]
  branch = "master"
  name = "github.com/couchbase/go_n1ql"
  packages = ["."]
  revision = "6cf4e348b127e21f56e53eb8c3faaea56afdc588"

[[projects]]
  branch = "master"
  name = "github.com/couchbase/gomemcached"
  packages = [".","client"]
  revision = "03899fb142a46ed6d39e9cdf524503d194994ea0"

[[projects]]
  branch = "master"
  name = "github.com/couchbase/goutils"
  packages = ["logging"]
  revision = "7a02f3df0ea980574216f469c192985a2083b957"

[[projects]]
  branch = "master"
  name = "github.com/cznic/b"
  packages = ["."]
  revision = "c0c71e655879a2848b5a0e0208b63f97325cbacd"

[[projects]]
  branch = "master"
  name = "github.com/cznic/fileutil"
  packages = ["."]
  revision = "2d566d841097e1297dfb576f809cf9eeecbdbc37"

[[projects]]
  branch = "master"
  name = "github.com/cznic/golex"
  packages = ["lex"]
  revision = "4ab7c5e190e49208c823ce8ec803aa39e6a4b31a"

[[projects]]
  branch = "master"
  name = "github.com/cznic/internal"
  packages = ["buffer","file","slice"]
  revision = "cef02a853c3a93623c42eacd574e7ea05f55531b"

[[projects]]
  branch = "master"
  name = "github.com/cznic/lldb"
  packages = ["."]
  revision = "bea8611dd5c407f3c5eab9f9c68e887a27dc6f0e"

[[projects]]
  branch = "master"
  name = "github.com/cznic/mathutil"
  packages = ["."]
  revision = "09cde8d5df5fd3e1944897ce6d00d83dd5ed3a91"

[[projects]]
  branch = "master"
  name = "github.com/cznic/ql"
  packages = [".","driver","vendored/github.com/camlistore/go4/lock"]
  revision = "3f53e147d722f949b627631bc771623ab9bdb396"

[[projects]]
  branch = "master"
  name = "github.com/cznic/sortutil"
  packages = ["."]
  revision = "4c7342852e65c2088c981288f2c5610d10b9f7f4"

[[projects]]
  branch = "master"
  name = "github.com/cznic/strutil"
  packages = ["."]
  revision = "529a34b1c186b483642a7a230c67521d9aa4b0fb"

[[projects]]
  branch = "master"
  name = "github.com/cznic/zappy"
  packages = ["."]
  revision = "2533cb5b45cc6c07421468ce262899ddc9d53fb7"

[[projects]]
  branch = "master"
  name = "github.com/danwakefield/fnmatch"
  packages = ["."]
  revision = "cbb64ac3d964b81592e64f957ad53df015803288"

[[projects]]
  branch = "master"
  name = "github.com/denisenkom/go-mssqldb"
  packages = ["."]
  revision = "8a15d1bb0c8eaa4b870c016b312de5b50b493b4e"

[[projects]]
  branch = "master"
  name = "github.com/dlclark/regexp2"
  packages = [".","syntax"]
  revision = "487489b64fb796de2e55f4e8a4ad1e145f80e957"

[[projects]]
  branch = "master"
  name = "github.com/edsrzf/mmap-go"
  packages = ["."]
  revision = "0bce6a6887123b67a60366d2c9fe2dfb74289d2e"

[[projects]]
  branch = "master"
  name = "github.com/go-ole/go-ole"
  packages = [".","oleutil"]
  revision = "0e87ea779d9deb219633b828a023b32e1244dd57"

[[projects]]
  branch = "master"
  name = "github.com/go-sql-driver/mysql"
  packages = ["."]
  revision = "9181e3a86a19bacd63e68d43ae8b7b36320d8092"

[[projects]]
  branch = "master"
  name = "github.com/gohxs/readline"
  packages = ["."]
  revision = "a780388e6e7cb475327da556ecfda0edbb374d80"

[[projects]]
  branch = "master"
  name = "github.com/golang/protobuf"
  packages = ["proto"]
  revision = "1e59b77b52bf8e4b449a57e6f79f21226d571845"

[[projects]]
  branch = "master"
  name = "github.com/hashicorp/go-cleanhttp"
  packages = ["."]
  revision = "33f138d01ac027decb9a5bd76ad6e7c7c701b0c4"

[[projects]]
  branch = "master"
  name = "github.com/hashicorp/go-uuid"
  packages = ["."]
  revision = "64130c7a86d732268a38cb04cfbaf0cc987fda98"

[[projects]]
  branch = "master"
  name = "github.com/jackc/pgx"
  packages = [".","chunkreader","internal/sanitize","pgio","pgproto3","pgtype","stdlib"]
  revision = "cbb3fa5ecc6ad01b99c628a13b078862d7fb627c"

[[projects]]
  branch = "master"
  name = "github.com/jcmturner/asn1"
  packages = ["."]
  revision = "478ccf09c45d824f741022c79e542624952a83c5"

[[projects]]
  branch = "master"
  name = "github.com/knq/snaker"
  packages = ["."]
  revision = "b61ca5d535baf5b793bebc9f1a8e6485e12efdc7"

[[projects]]
  branch = "master"
  name = "github.com/kshvakov/clickhouse"
  packages = [".","lib/binary","lib/column","lib/data","lib/protocol","lib/types","lib/writebuffer"]
  revision = "da7b08c0e3e9b546abd9e0ef6339ebf3a1ff0d53"

[[projects]]
  branch = "master"
  name = "github.com/lib/pq"
  packages = [".","oid"]
  revision = "83612a56d3dd153a94a629cd64925371c9adad78"

[[projects]]
  branch = "master"
  name = "github.com/mattn/go-adodb"
  packages = ["."]
  revision = "8a75490faf6ae99c92e96d210caeebdba7c93522"

[[projects]]
  branch = "master"
  name = "github.com/mattn/go-isatty"
  packages = ["."]
  revision = "6ca4dbf54d38eea1a992b3c722a76a5d1c4cb25c"

[[projects]]
  branch = "master"
  name = "github.com/mattn/go-runewidth"
  packages = ["."]
  revision = "9e777a8366cce605130a531d2cd6363d07ad7317"

[[projects]]
  branch = "master"
  name = "github.com/mattn/go-sqlite3"
  packages = ["."]
  revision = "d5ffb5c0cca8778699a929b236766f4a7af674e8"

[[projects]]
  branch = "master"
  name = "github.com/nakagami/firebirdsql"
  packages = ["."]
  revision = "8b159d5505e9acdc6d9fcf505432e64dd14d4d2e"

[[projects]]
  branch = "master"
  name = "github.com/nyarla/go-crypt"
  packages = ["."]
  revision = "d9a5dc2b789bc330075d4b805d9b7c971f2865a1"

[[projects]]
  branch = "master"
  name = "github.com/olekukonko/tablewriter"
  packages = ["."]
  revision = "65fec0d89a572b4367094e2058d3ebe667de3b60"

[[projects]]
  branch = "master"
  name = "github.com/pkg/errors"
  packages = ["."]
  revision = "645ef00459ed84a119197bfb8d8205042c6df63d"

[[projects]]
  branch = "master"
  name = "github.com/prestodb/presto-go-client"
  packages = ["presto"]
  revision = "fce2c1a36bebd3d27f771eba2f4f8d718ace9fc5"

[[projects]]
  name = "github.com/satori/go.uuid"
  packages = ["."]
  revision = "879c5887cd475cd7864858769793b2ceb0d44feb"
  version = "v1.1.0"

[[projects]]
  name = "github.com/spaolacci/murmur3"
  packages = ["."]
  revision = "0d12bf811670bf6a1a63828dfbd003eded177fce"
  version = "v1.0"

[[projects]]
  branch = "master"
  name = "github.com/xinsnake/go-http-digest-auth-client"
  packages = ["."]
  revision = "366760120fe0342664d581b235be4eb08aca8834"

[[projects]]
  branch = "master"
  name = "github.com/xo/dburl"
  packages = ["."]
  revision = "2406b5c3c3d0d9ed027c66db23ff3f271c370c69"

[[projects]]
  branch = "master"
  name = "github.com/xo/terminfo"
  packages = ["."]
  revision = "64402cba454eb024d6458571cc4fb372ff7173a6"

[[projects]]
  branch = "master"
  name = "github.com/xo/xoutil"
  packages = ["."]
  revision = "46189f4026a5a53537a3d5b99092accf968d572b"

[[projects]]
  branch = "master"
  name = "github.com/zaf/temp"
  packages = ["."]
  revision = "94e385923345495c4add5c23df1efc6d66964479"

[[projects]]
  branch = "master"
  name = "github.com/ziutek/mymysql"
  packages = ["godrv","mysql","native"]
  revision = "ff6cc86d3d933e6c0e3185a19fb46e171a7651b2"

[[projects]]
  branch = "master"
  name = "golang.org/x/crypto"
  packages = ["md4","pbkdf2"]
  revision = "94eea52f7b742c7cbe0b03b22f0c4c8631ece122"

[[projects]]
  branch = "master"
  name = "golang.org/x/net"
  packages = ["context","context/ctxhttp"]
  revision = "d866cfc389cec985d6fda2859936a575a55a3ab6"

[[projects]]
  branch = "master"
  name = "golang.org/x/sync"
  packages = ["errgroup"]
  revision = "fd80eb99c8f653c847d294a001bdf2a3a6f768f5"

[[projects]]
  branch = "master"
  name = "golang.org/x/sys"
  packages = ["unix","windows"]
  revision = "571f7bbbe08da2a8955aed9d4db316e78630e9a3"

[[projects]]
  branch = "master"
  name = "golang.org/x/text"
  packages = ["transform"]
  revision = "d5a9226ed7dd70cade6ccae9d37517fe14dd9fee"

[[projects]]
  name = "google.golang.org/appengine"
  packages = ["cloudsql"]
  revision = "150dc57a1b433e64154302bdc40b6bb8aefa313a"
  version = "v1.0.0"

[[projects]]
  branch = "master"
  name = "gopkg.in/jcmturner/aescts.v1"
  packages = ["."]
  revision = "f6abebb3171c4c1b1fea279cb7c7325020a26290"

[[projects]]
  name = "gopkg.in/jcmturner/gokrb5.v2"
  packages = ["asn1tools","client","config","credentials","crypto","crypto/common","crypto/etype","crypto/rfc3961","crypto/rfc3962","crypto/rfc4757","crypto/rfc8009","gssapi","iana","iana/adtype","iana/asnAppTag","iana/chksumtype","iana/errorcode","iana/etypeID","iana/flags","iana/keyusage","iana/msgtype","iana/nametype","iana/patype","keytab","krberror","messages","mstypes","ndr","pac","types"]
  revision = "5cf868a24ea32b3d89fa06004db9fcb20601f586"
  version = "v2.0.2"

[[projects]]
  branch = "master"
  name = "gopkg.in/rana/ora.v4"
  packages = [".","date","num"]
  revision = "48b93e7bae8a775f5dc577d0b9ae5681459cb0b9"
  source = "https://github.com/rana/ora.git"

[solve-meta]
  analyzer-name = "dep"
  analyzer-version = 1
  inputs-digest = "be561f76b47d551ce2078c772b7456b968afae28b6abdd9b001c76f0f0d0b858"
  solver-name = "gps-cdcl"
  solver-version = 1
